
Microsoft Visual Studio Solution File, Format Version 12.00
# Visual Studio 15
VisualStudioVersion = 15.0.27703.2026
MinimumVisualStudioVersion = 10.0.40219.1
Project("{8BC9CEB8-8B4A-11D0-8D11-00A0C91BC942}") = "ex4_4", "ex4_4\ex4_4.vcxproj", "{978684C4-2C10-4126-B541-91483D960B66}"
EndProject
Project("{888888A0-9F3D-457C-B088-3A5042F75D52}") = "pythonFiles", "pythonFiles\pythonFiles.pyproj", "{7B9F243A-6986-4FF2-8299-C9A3EA9CA2ED}"
EndProject
Global
	GlobalSection(SolutionConfigurationPlatforms) = preSolution
		Debug|Any CPU = Debug|Any CPU
		Debug|x64 = Debug|x64
		Debug|x86 = Debug|x86
		Release|Any CPU = Release|Any CPU
		Release|x64 = Release|x64
		Release|x86 = Release|x86
	EndGlobalSection
	GlobalSection(ProjectConfigurationPlatforms) = postSolution
		{978684C4-2C10-4126-B541-91483D960B66}.Debug|Any CPU.ActiveCfg = Debug|Win32
		{978684C4-2C10-4126-B541-91483D960B66}.Debug|x64.ActiveCfg = Debug|x64
		{978684C4-2C10-4126-B541-91483D960B66}.Debug|x64.Build.0 = Debug|x64
		{978684C4-2C10-4126-B541-91483D960B66}.Debug|x86.ActiveCfg = Debug|Win32
		{978684C4-2C10-4126-B541-91483D960B66}.Debug|x86.Build.0 = Debug|Win32
		{978684C4-2C10-4126-B541-91483D960B66}.Release|Any CPU.ActiveCfg = Release|Win32
		{978684C4-2C10-4126-B541-91483D960B66}.Release|x64.ActiveCfg = Release|x64
		{978684C4-2C10-4126-B541-91483D960B66}.Release|x64.Build.0 = Release|x64
		{978684C4-2C10-4126-B541-91483D960B66}.Release|x86.ActiveCfg = Release|Win32
		{978684C4-2C10-4126-B541-91483D960B66}.Release|x86.Build.0 = Release|Win32
		{7B9F243A-6986-4FF2-8299-C9A3EA9CA2ED}.Debug|Any CPU.ActiveCfg = Debug|Any CPU
		{7B9F243A-6986-4FF2-8299-C9A3EA9CA2ED}.Debug|x64.ActiveCfg = Debug|Any CPU
		{7B9F243A-6986-4FF2-8299-C9A3EA9CA2ED}.Debug|x86.ActiveCfg = Debug|Any CPU
		{7B9F243A-6986-4FF2-8299-C9A3EA9CA2ED}.Release|Any CPU.ActiveCfg = Release|Any CPU
		{7B9F243A-6986-4FF2-8299-C9A3EA9CA2ED}.Release|x64.ActiveCfg = Release|Any CPU
		{7B9F243A-6986-4FF2-8299-C9A3EA9CA2ED}.Release|x86.ActiveCfg = Release|Any CPU
	EndGlobalSection
	GlobalSection(SolutionProperties) = preSolution
		HideSolutionNode = FALSE
	EndGlobalSection
	GlobalSection(ExtensibilityGlobals) = postSolution
		SolutionGuid = {B18F7AF6-9FCB-4722-B7DE-8AC4F94832DD}
	EndGlobalSection
EndGlobal
